// !$*UTF8*$!
{
	archiveVersion = 1;
	classes = {
	};
	objectVersion = 46;
	objects = {

/* Begin PBXBuildFile section */
		D343B40B19CAC4BD00D8DA96 /* Foundation.framework in Frameworks */ = {isa = PBXBuildFile; fileRef = D343B40A19CAC4BD00D8DA96 /* Foundation.framework */; };
		D343B40D19CAC4BD00D8DA96 /* CoreGraphics.framework in Frameworks */ = {isa = PBXBuildFile; fileRef = D343B40C19CAC4BD00D8DA96 /* CoreGraphics.framework */; };
		D343B40F19CAC4BD00D8DA96 /* UIKit.framework in Frameworks */ = {isa = PBXBuildFile; fileRef = D343B40E19CAC4BD00D8DA96 /* UIKit.framework */; };
		D343B41519CAC4BD00D8DA96 /* InfoPlist.strings in Resources */ = {isa = PBXBuildFile; fileRef = D343B41319CAC4BD00D8DA96 /* InfoPlist.strings */; };
		D343B41719CAC4BD00D8DA96 /* main.m in Sources */ = {isa = PBXBuildFile; fileRef = D343B41619CAC4BD00D8DA96 /* main.m */; };
		D343B41B19CAC4BD00D8DA96 /* AppDelegate.m in Sources */ = {isa = PBXBuildFile; fileRef = D343B41A19CAC4BD00D8DA96 /* AppDelegate.m */; };
		D343B41E19CAC4BD00D8DA96 /* Main.storyboard in Resources */ = {isa = PBXBuildFile; fileRef = D343B41C19CAC4BD00D8DA96 /* Main.storyboard */; };
		D343B42119CAC4BD00D8DA96 /* ViewController.m in Sources */ = {isa = PBXBuildFile; fileRef = D343B42019CAC4BD00D8DA96 /* ViewController.m */; };
		D343B42319CAC4BD00D8DA96 /* Images.xcassets in Resources */ = {isa = PBXBuildFile; fileRef = D343B42219CAC4BD00D8DA96 /* Images.xcassets */; };
		D343B42A19CAC4BD00D8DA96 /* XCTest.framework in Frameworks */ = {isa = PBXBuildFile; fileRef = D343B42919CAC4BD00D8DA96 /* XCTest.framework */; };
		D343B42B19CAC4BD00D8DA96 /* Foundation.framework in Frameworks */ = {isa = PBXBuildFile; fileRef = D343B40A19CAC4BD00D8DA96 /* Foundation.framework */; };
		D343B42C19CAC4BD00D8DA96 /* UIKit.framework in Frameworks */ = {isa = PBXBuildFile; fileRef = D343B40E19CAC4BD00D8DA96 /* UIKit.framework */; };
		D343B43419CAC4BD00D8DA96 /* InfoPlist.strings in Resources */ = {isa = PBXBuildFile; fileRef = D343B43219CAC4BD00D8DA96 /* InfoPlist.strings */; };
		D343B43619CAC4BD00D8DA96 /* MyRestorationLearningTests.m in Sources */ = {isa = PBXBuildFile; fileRef = D343B43519CAC4BD00D8DA96 /* MyRestorationLearningTests.m */; };
		D343B44319CAC7A000D8DA96 /* RootViewController.m in Sources */ = {isa = PBXBuildFile; fileRef = D343B44219CAC7A000D8DA96 /* RootViewController.m */; };
		D343B44619CAC7BA00D8DA96 /* SecondViewController.m in Sources */ = {isa = PBXBuildFile; fileRef = D343B44519CAC7BA00D8DA96 /* SecondViewController.m */; };
		D343B44919CAC7C700D8DA96 /* PresentedViewController.m in Sources */ = {isa = PBXBuildFile; fileRef = D343B44819CAC7C700D8DA96 /* PresentedViewController.m */; };
/* End PBXBuildFile section */

/* Begin PBXContainerItemProxy section */
		D343B42D19CAC4BD00D8DA96 /* PBXContainerItemProxy */ = {
			isa = PBXContainerItemProxy;
			containerPortal = D343B3FF19CAC4BD00D8DA96 /* Project object */;
			proxyType = 1;
			remoteGlobalIDString = D343B40619CAC4BD00D8DA96;
			remoteInfo = MyRestorationLearning;
		};
/* End PBXContainerItemProxy section */

/* Begin PBXFileReference section */
		D343B40719CAC4BD00D8DA96 /* MyRestorationLearning.app */ = {isa = PBXFileReference; explicitFileType = wrapper.application; includeInIndex = 0; path = MyRestorationLearning.app; sourceTree = BUILT_PRODUCTS_DIR; };
		D343B40A19CAC4BD00D8DA96 /* Foundation.framework */ = {isa = PBXFileReference; lastKnownFileType = wrapper.framework; name = Foundation.framework; path = System/Library/Frameworks/Foundation.framework; sourceTree = SDKROOT; };
		D343B40C19CAC4BD00D8DA96 /* CoreGraphics.framework */ = {isa = PBXFileReference; lastKnownFileType = wrapper.framework; name = CoreGraphics.framework; path = System/Library/Frameworks/CoreGraphics.framework; sourceTree = SDKROOT; };
		D343B40E19CAC4BD00D8DA96 /* UIKit.framework */ = {isa = PBXFileReference; lastKnownFileType = wrapper.framework; name = UIKit.framework; path = System/Library/Frameworks/UIKit.framework; sourceTree = SDKROOT; };
		D343B41219CAC4BD00D8DA96 /* MyRestorationLearning-Info.plist */ = {isa = PBXFileReference; lastKnownFileType = text.plist.xml; path = "MyRestorationLearning-Info.plist"; sourceTree = "<group>"; };
		D343B41419CAC4BD00D8DA96 /* en */ = {isa = PBXFileReference; lastKnownFileType = text.plist.strings; name = en; path = en.lproj/InfoPlist.strings; sourceTree = "<group>"; };
		D343B41619CAC4BD00D8DA96 /* main.m */ = {isa = PBXFileReference; lastKnownFileType = sourcecode.c.objc; path = main.m; sourceTree = "<group>"; };
		D343B41819CAC4BD00D8DA96 /* MyRestorationLearning-Prefix.pch */ = {isa = PBXFileReference; lastKnownFileType = sourcecode.c.h; path = "MyRestorationLearning-Prefix.pch"; sourceTree = "<group>"; };
		D343B41919CAC4BD00D8DA96 /* AppDelegate.h */ = {isa = PBXFileReference; lastKnownFileType = sourcecode.c.h; path = AppDelegate.h; sourceTree = "<group>"; };
		D343B41A19CAC4BD00D8DA96 /* AppDelegate.m */ = {isa = PBXFileReference; lastKnownFileType = sourcecode.c.objc; path = AppDelegate.m; sourceTree = "<group>"; };
		D343B41D19CAC4BD00D8DA96 /* Base */ = {isa = PBXFileReference; lastKnownFileType = file.storyboard; name = Base; path = Base.lproj/Main.storyboard; sourceTree = "<group>"; };
		D343B41F19CAC4BD00D8DA96 /* ViewController.h */ = {isa = PBXFileReference; lastKnownFileType = sourcecode.c.h; path = ViewController.h; sourceTree = "<group>"; };
		D343B42019CAC4BD00D8DA96 /* ViewController.m */ = {isa = PBXFileReference; lastKnownFileType = sourcecode.c.objc; path = ViewController.m; sourceTree = "<group>"; };
		D343B42219CAC4BD00D8DA96 /* Images.xcassets */ = {isa = PBXFileReference; lastKnownFileType = folder.assetcatalog; path = Images.xcassets; sourceTree = "<group>"; };
		D343B42819CAC4BD00D8DA96 /* MyRestorationLearningTests.xctest */ = {isa = PBXFileReference; explicitFileType = wrapper.cfbundle; includeInIndex = 0; path = MyRestorationLearningTests.xctest; sourceTree = BUILT_PRODUCTS_DIR; };
		D343B42919CAC4BD00D8DA96 /* XCTest.framework */ = {isa = PBXFileReference; lastKnownFileType = wrapper.framework; name = XCTest.framework; path = Library/Frameworks/XCTest.framework; sourceTree = DEVELOPER_DIR; };
		D343B43119CAC4BD00D8DA96 /* MyRestorationLearningTests-Info.plist */ = {isa = PBXFileReference; lastKnownFileType = text.plist.xml; path = "MyRestorationLearningTests-Info.plist"; sourceTree = "<group>"; };
		D343B43319CAC4BD00D8DA96 /* en */ = {isa = PBXFileReference; lastKnownFileType = text.plist.strings; name = en; path = en.lproj/InfoPlist.strings; sourceTree = "<group>"; };
		D343B43519CAC4BD00D8DA96 /* MyRestorationLearningTests.m */ = {isa = PBXFileReference; lastKnownFileType = sourcecode.c.objc; path = MyRestorationLearningTests.m; sourceTree = "<group>"; };
		D343B44119CAC7A000D8DA96 /* RootViewController.h */ = {isa = PBXFileReference; fileEncoding = 4; lastKnownFileType = sourcecode.c.h; path = RootViewController.h; sourceTree = "<group>"; };
		D343B44219CAC7A000D8DA96 /* RootViewController.m */ = {isa = PBXFileReference; fileEncoding = 4; lastKnownFileType = sourcecode.c.objc; path = RootViewController.m; sourceTree = "<group>"; };
		D343B44419CAC7BA00D8DA96 /* SecondViewController.h */ = {isa = PBXFileReference; fileEncoding = 4; lastKnownFileType = sourcecode.c.h; path = SecondViewController.h; sourceTree = "<group>"; };
		D343B44519CAC7BA00D8DA96 /* SecondViewController.m */ = {isa = PBXFileReference; fileEncoding = 4; lastKnownFileType = sourcecode.c.objc; path = SecondViewController.m; sourceTree = "<group>"; };
		D343B44719CAC7C700D8DA96 /* PresentedViewController.h */ = {isa = PBXFileReference; fileEncoding = 4; lastKnownFileType = sourcecode.c.h; path = PresentedViewController.h; sourceTree = "<group>"; };
		D343B44819CAC7C700D8DA96 /* PresentedViewController.m */ = {isa = PBXFileReference; fileEncoding = 4; lastKnownFileType = sourcecode.c.objc; path = PresentedViewController.m; sourceTree = "<group>"; };
/* End PBXFileReference section */

/* Begin PBXFrameworksBuildPhase section */
		D343B40419CAC4BD00D8DA96 /* Frameworks */ = {
			isa = PBXFrameworksBuildPhase;
			buildActionMask = 2147483647;
			files = (
				D343B40D19CAC4BD00D8DA96 /* CoreGraphics.framework in Frameworks */,
				D343B40F19CAC4BD00D8DA96 /* UIKit.framework in Frameworks */,
				D343B40B19CAC4BD00D8DA96 /* Foundation.framework in Frameworks */,
			);
			runOnlyForDeploymentPostprocessing = 0;
		};
		D343B42519CAC4BD00D8DA96 /* Frameworks */ = {
			isa = PBXFrameworksBuildPhase;
			buildActionMask = 2147483647;
			files = (
				D343B42A19CAC4BD00D8DA96 /* XCTest.framework in Frameworks */,
				D343B42C19CAC4BD00D8DA96 /* UIKit.framework in Frameworks */,
				D343B42B19CAC4BD00D8DA96 /* Foundation.framework in Frameworks */,
			);
			runOnlyForDeploymentPostprocessing = 0;
		};
/* End PBXFrameworksBuildPhase section */

/* Begin PBXGroup section */
		D343B3FE19CAC4BD00D8DA96 = {
			isa = PBXGroup;
			children = (
				D343B41019CAC4BD00D8DA96 /* MyRestorationLearning */,
				D343B42F19CAC4BD00D8DA96 /* MyRestorationLearningTests */,
				D343B40919CAC4BD00D8DA96 /* Frameworks */,
				D343B40819CAC4BD00D8DA96 /* Products */,
			);
			sourceTree = "<group>";
		};
		D343B40819CAC4BD00D8DA96 /* Products */ = {
			isa = PBXGroup;
			children = (
				D343B40719CAC4BD00D8DA96 /* MyRestorationLearning.app */,
				D343B42819CAC4BD00D8DA96 /* MyRestorationLearningTests.xctest */,
			);
			name = Products;
			sourceTree = "<group>";
		};
		D343B40919CAC4BD00D8DA96 /* Frameworks */ = {
			isa = PBXGroup;
			children = (
				D343B40A19CAC4BD00D8DA96 /* Foundation.framework */,
				D343B40C19CAC4BD00D8DA96 /* CoreGraphics.framework */,
				D343B40E19CAC4BD00D8DA96 /* UIKit.framework */,
				D343B42919CAC4BD00D8DA96 /* XCTest.framework */,
			);
			name = Frameworks;
			sourceTree = "<group>";
		};
		D343B41019CAC4BD00D8DA96 /* MyRestorationLearning */ = {
			isa = PBXGroup;
			children = (
				D343B41919CAC4BD00D8DA96 /* AppDelegate.h */,
				D343B41A19CAC4BD00D8DA96 /* AppDelegate.m */,
				D343B44019CAC6B500D8DA96 /* Views */,
				D343B43F19CAC6AD00D8DA96 /* Controllers */,
				D343B42219CAC4BD00D8DA96 /* Images.xcassets */,
				D343B41119CAC4BD00D8DA96 /* Supporting Files */,
			);
			path = MyRestorationLearning;
			sourceTree = "<group>";
		};
		D343B41119CAC4BD00D8DA96 /* Supporting Files */ = {
			isa = PBXGroup;
			children = (
				D343B41219CAC4BD00D8DA96 /* MyRestorationLearning-Info.plist */,
				D343B41319CAC4BD00D8DA96 /* InfoPlist.strings */,
				D343B41619CAC4BD00D8DA96 /* main.m */,
				D343B41819CAC4BD00D8DA96 /* MyRestorationLearning-Prefix.pch */,
			);
			name = "Supporting Files";
			sourceTree = "<group>";
		};
		D343B42F19CAC4BD00D8DA96 /* MyRestorationLearningTests */ = {
			isa = PBXGroup;
			children = (
				D343B43519CAC4BD00D8DA96 /* MyRestorationLearningTests.m */,
				D343B43019CAC4BD00D8DA96 /* Supporting Files */,
			);
			path = MyRestorationLearningTests;
			sourceTree = "<group>";
		};
		D343B43019CAC4BD00D8DA96 /* Supporting Files */ = {
			isa = PBXGroup;
			children = (
				D343B43119CAC4BD00D8DA96 /* MyRestorationLearningTests-Info.plist */,
				D343B43219CAC4BD00D8DA96 /* InfoPlist.strings */,
			);
			name = "Supporting Files";
			sourceTree = "<group>";
		};
		D343B43F19CAC6AD00D8DA96 /* Controllers */ = {
			isa = PBXGroup;
			children = (
				D343B41F19CAC4BD00D8DA96 /* ViewController.h */,
				D343B42019CAC4BD00D8DA96 /* ViewController.m */,
				D343B44119CAC7A000D8DA96 /* RootViewController.h */,
				D343B44219CAC7A000D8DA96 /* RootViewController.m */,
				D343B44419CAC7BA00D8DA96 /* SecondViewController.h */,
				D343B44519CAC7BA00D8DA96 /* SecondViewController.m */,
				D343B44719CAC7C700D8DA96 /* PresentedViewController.h */,
				D343B44819CAC7C700D8DA96 /* PresentedViewController.m */,
			);
			name = Controllers;
			sourceTree = "<group>";
		};
		D343B44019CAC6B500D8DA96 /* Views */ = {
			isa = PBXGroup;
			children = (
				D343B41C19CAC4BD00D8DA96 /* Main.storyboard */,
			);
			name = Views;
			sourceTree = "<group>";
		};
/* End PBXGroup section */

/* Begin PBXNativeTarget section */
		D343B40619CAC4BD00D8DA96 /* MyRestorationLearning */ = {
			isa = PBXNativeTarget;
			buildConfigurationList = D343B43919CAC4BD00D8DA96 /* Build configuration list for PBXNativeTarget "MyRestorationLearning" */;
			buildPhases = (
				D343B40319CAC4BD00D8DA96 /* Sources */,
				D343B40419CAC4BD00D8DA96 /* Frameworks */,
				D343B40519CAC4BD00D8DA96 /* Resources */,
			);
			buildRules = (
			);
			dependencies = (
			);
			name = MyRestorationLearning;
			productName = MyRestorationLearning;
			productReference = D343B40719CAC4BD00D8DA96 /* MyRestorationLearning.app */;
			productType = "com.apple.product-type.application";
		};
		D343B42719CAC4BD00D8DA96 /* MyRestorationLearningTests */ = {
			isa = PBXNativeTarget;
			buildConfigurationList = D343B43C19CAC4BD00D8DA96 /* Build configuration list for PBXNativeTarget "MyRestorationLearningTests" */;
			buildPhases = (
				D343B42419CAC4BD00D8DA96 /* Sources */,
				D343B42519CAC4BD00D8DA96 /* Frameworks */,
				D343B42619CAC4BD00D8DA96 /* Resources */,
			);
			buildRules = (
			);
			dependencies = (
				D343B42E19CAC4BD00D8DA96 /* PBXTargetDependency */,
			);
			name = MyRestorationLearningTests;
			productName = MyRestorationLearningTests;
			productReference = D343B42819CAC4BD00D8DA96 /* MyRestorationLearningTests.xctest */;
			productType = "com.apple.product-type.bundle.unit-test";
		};
/* End PBXNativeTarget section */

/* Begin PBXProject section */
		D343B3FF19CAC4BD00D8DA96 /* Project object */ = {
			isa = PBXProject;
			attributes = {
				LastUpgradeCheck = 0510;
				ORGANIZATIONNAME = thanawat.s;
				TargetAttributes = {
					D343B42719CAC4BD00D8DA96 = {
						TestTargetID = D343B40619CAC4BD00D8DA96;
					};
				};
			};
			buildConfigurationList = D343B40219CAC4BD00D8DA96 /* Build configuration list for PBXProject "MyRestorationLearning" */;
			compatibilityVersion = "Xcode 3.2";
			developmentRegion = English;
			hasScannedForEncodings = 0;
			knownRegions = (
				en,
				Base,
			);
			mainGroup = D343B3FE19CAC4BD00D8DA96;
			productRefGroup = D343B40819CAC4BD00D8DA96 /* Products */;
			projectDirPath = "";
			projectRoot = "";
			targets = (
				D343B40619CAC4BD00D8DA96 /* MyRestorationLearning */,
				D343B42719CAC4BD00D8DA96 /* MyRestorationLearningTests */,
			);
		};
/* End PBXProject section */

/* Begin PBXResourcesBuildPhase section */
		D343B40519CAC4BD00D8DA96 /* Resources */ = {
			isa = PBXResourcesBuildPhase;
			buildActionMask = 2147483647;
			files = (
				D343B42319CAC4BD00D8DA96 /* Images.xcassets in Resources */,
				D343B41519CAC4BD00D8DA96 /* InfoPlist.strings in Resources */,
				D343B41E19CAC4BD00D8DA96 /* Main.storyboard in Resources */,
			);
			runOnlyForDeploymentPostprocessing = 0;
		};
		D343B42619CAC4BD00D8DA96 /* Resources */ = {
			isa = PBXResourcesBuildPhase;
			buildActionMask = 2147483647;
			files = (
				D343B43419CAC4BD00D8DA96 /* InfoPlist.strings in Resources */,
			);
			runOnlyForDeploymentPostprocessing = 0;
		};
/* End PBXResourcesBuildPhase section */

/* Begin PBXSourcesBuildPhase section */
		D343B40319CAC4BD00D8DA96 /* Sources */ = {
			isa = PBXSourcesBuildPhase;
			buildActionMask = 2147483647;
			files = (
				D343B44619CAC7BA00D8DA96 /* SecondViewController.m in Sources */,
				D343B42119CAC4BD00D8DA96 /* ViewController.m in Sources */,
				D343B41B19CAC4BD00D8DA96 /* AppDelegate.m in Sources */,
				D343B44919CAC7C700D8DA96 /* PresentedViewController.m in Sources */,
				D343B44319CAC7A000D8DA96 /* RootViewController.m in Sources */,
				D343B41719CAC4BD00D8DA96 /* main.m in Sources */,
			);
			runOnlyForDeploymentPostprocessing = 0;
		};
		D343B42419CAC4BD00D8DA96 /* Sources */ = {
			isa = PBXSourcesBuildPhase;
			buildActionMask = 2147483647;
			files = (
				D343B43619CAC4BD00D8DA96 /* MyRestorationLearningTests.m in Sources */,
			);
			runOnlyForDeploymentPostprocessing = 0;
		};
/* End PBXSourcesBuildPhase section */

/* Begin PBXTargetDependency section */
		D343B42E19CAC4BD00D8DA96 /* PBXTargetDependency */ = {
			isa = PBXTargetDependency;
			target = D343B40619CAC4BD00D8DA96 /* MyRestorationLearning */;
			targetProxy = D343B42D19CAC4BD00D8DA96 /* PBXContainerItemProxy */;
		};
/* End PBXTargetDependency section */

/* Begin PBXVariantGroup section */
		D343B41319CAC4BD00D8DA96 /* InfoPlist.strings */ = {
			isa = PBXVariantGroup;
			children = (
				D343B41419CAC4BD00D8DA96 /* en */,
			);
			name = InfoPlist.strings;
			sourceTree = "<group>";
		};
		D343B41C19CAC4BD00D8DA96 /* Main.storyboard */ = {
			isa = PBXVariantGroup;
			children = (
				D343B41D19CAC4BD00D8DA96 /* Base */,
			);
			name = Main.storyboard;
			sourceTree = "<group>";
		};
		D343B43219CAC4BD00D8DA96 /* InfoPlist.strings */ = {
			isa = PBXVariantGroup;
			children = (
				D343B43319CAC4BD00D8DA96 /* en */,
			);
			name = InfoPlist.strings;
			sourceTree = "<group>";
		};
/* End PBXVariantGroup section */

/* Begin XCBuildConfiguration section */
		D343B43719CAC4BD00D8DA96 /* Debug */ = {
			isa = XCBuildConfiguration;
			buildSettings = {
				ALWAYS_SEARCH_USER_PATHS = NO;
				CLANG_CXX_LANGUAGE_STANDARD = "gnu++0x";
				CLANG_CXX_LIBRARY = "libc++";
				CLANG_ENABLE_MODULES = YES;
				CLANG_ENABLE_OBJC_ARC = YES;
				CLANG_WARN_BOOL_CONVERSION = YES;
				CLANG_WARN_CONSTANT_CONVERSION = YES;
				CLANG_WARN_DIRECT_OBJC_ISA_USAGE = YES_ERROR;
				CLANG_WARN_EMPTY_BODY = YES;
				CLANG_WARN_ENUM_CONVERSION = YES;
				CLANG_WARN_INT_CONVERSION = YES;
				CLANG_WARN_OBJC_ROOT_CLASS = YES_ERROR;
				CLANG_WARN__DUPLICATE_METHOD_MATCH = YES;
				"CODE_SIGN_IDENTITY[sdk=iphoneos*]" = "iPhone Developer";
				COPY_PHASE_STRIP = NO;
				GCC_C_LANGUAGE_STANDARD = gnu99;
				GCC_DYNAMIC_NO_PIC = NO;
				GCC_OPTIMIZATION_LEVEL = 0;
				GCC_PREPROCESSOR_DEFINITIONS = (
					"DEBUG=1",
					"$(inherited)",
				);
				GCC_SYMBOLS_PRIVATE_EXTERN = NO;
				GCC_WARN_64_TO_32_BIT_CONVERSION = YES;
				GCC_WARN_ABOUT_RETURN_TYPE = YES_ERROR;
				GCC_WARN_UNDECLARED_SELECTOR = YES;
				GCC_WARN_UNINITIALIZED_AUTOS = YES_AGGRESSIVE;
				GCC_WARN_UNUSED_FUNCTION = YES;
				GCC_WARN_UNUSED_VARIABLE = YES;
				IPHONEOS_DEPLOYMENT_TARGET = 7.1;
				ONLY_ACTIVE_ARCH = YES;
				SDKROOT = iphoneos;
			};
			name = Debug;
		};
		D343B43819CAC4BD00D8DA96 /* Release */ = {
			isa = XCBuildConfiguration;
			buildSettings = {
				ALWAYS_SEARCH_USER_PATHS = NO;
				CLANG_CXX_LANGUAGE_STANDARD = "gnu++0x";
				CLANG_CXX_LIBRARY = "libc++";
				CLANG_ENABLE_MODULES = YES;
				CLANG_ENABLE_OBJC_ARC = YES;
				CLANG_WARN_BOOL_CONVERSION = YES;
				CLANG_WARN_CONSTANT_CONVERSION = YES;
				CLANG_WARN_DIRECT_OBJC_ISA_USAGE = YES_ERROR;
				CLANG_WARN_EMPTY_BODY = YES;
				CLANG_WARN_ENUM_CONVERSION = YES;
				CLANG_WARN_INT_CONVERSION = YES;
				CLANG_WARN_OBJC_ROOT_CLASS = YES_ERROR;
				CLANG_WARN__DUPLICATE_METHOD_MATCH = YES;
				"CODE_SIGN_IDENTITY[sdk=iphoneos*]" = "iPhone Developer";
				COPY_PHASE_STRIP = YES;
				ENABLE_NS_ASSERTIONS = NO;
				GCC_C_LANGUAGE_STANDARD = gnu99;
				GCC_WARN_64_TO_32_BIT_CONVERSION = YES;
				GCC_WARN_ABOUT_RETURN_TYPE = YES_ERROR;
				GCC_WARN_UNDECLARED_SELECTOR = YES;
				GCC_WARN_UNINITIALIZED_AUTOS = YES_AGGRESSIVE;
				GCC_WARN_UNUSED_FUNCTION = YES;
				GCC_WARN_UNUSED_VARIABLE = YES;
				IPHONEOS_DEPLOYMENT_TARGET = 7.1;
				SDKROOT = iphoneos;
				VALIDATE_PRODUCT = YES;
			};
			name = Release;
		};
		D343B43A19CAC4BD00D8DA96 /* Debug */ = {
			isa = XCBuildConfiguration;
			buildSettings = {
				ASSETCATALOG_COMPILER_APPICON_NAME = AppIcon;
				ASSETCATALOG_COMPILER_LAUNCHIMAGE_NAME = LaunchImage;
				GCC_PRECOMPILE_PREFIX_HEADER = YES;
				GCC_PREFIX_HEADER = "MyRestorationLearning/MyRestorationLearning-Prefix.pch";
				INFOPLIST_FILE = "MyRestorationLearning/MyRestorationLearning-Info.plist";
				PRODUCT_NAME = "$(TARGET_NAME)";
				WRAPPER_EXTENSION = app;
			};
			name = Debug;
		};
		D343B43B19CAC4BD00D8DA96 /* Release */ = {
			isa = XCBuildConfiguration;
			buildSettings = {
				ASSETCATALOG_COMPILER_APPICON_NAME = AppIcon;
				ASSETCATALOG_COMPILER_LAUNCHIMAGE_NAME = LaunchImage;
				GCC_PRECOMPILE_PREFIX_HEADER = YES;
				GCC_PREFIX_HEADER = "MyRestorationLearning/MyRestorationLearning-Prefix.pch";
				INFOPLIST_FILE = "MyRestorationLearning/MyRestorationLearning-Info.plist";
				PRODUCT_NAME = "$(TARGET_NAME)";
				WRAPPER_EXTENSION = app;
			};
			name = Release;
		};
		D343B43D19CAC4BD00D8DA96 /* Debug */ = {
			isa = XCBuildConfiguration;
			buildSettings = {
				BUNDLE_LOADER = "$(BUILT_PRODUCTS_DIR)/MyRestorationLearning.app/MyRestorationLearning";
				FRAMEWORK_SEARCH_PATHS = (
					"$(SDKROOT)/Developer/Library/Frameworks",
					"$(inherited)",
					"$(DEVELOPER_FRAMEWORKS_DIR)",
				);
				GCC_PRECOMPILE_PREFIX_HEADER = YES;
				GCC_PREFIX_HEADER = "MyRestorationLearning/MyRestorationLearning-Prefix.pch";
				GCC_PREPROCESSOR_DEFINITIONS = (
					"DEBUG=1",
					"$(inherited)",
				);
				INFOPLIST_FILE = "MyRestorationLearningTests/MyRestorationLearningTests-Info.plist";
				PRODUCT_NAME = "$(TARGET_NAME)";
				TEST_HOST = "$(BUNDLE_LOADER)";
				WRAPPER_EXTENSION = xctest;
			};
			name = Debug;
		};
		D343B43E19CAC4BD00D8DA96 /* Release */ = {
			isa = XCBuildConfiguration;
			buildSettings = {
				BUNDLE_LOADER = "$(BUILT_PRODUCTS_DIR)/MyRestorationLearning.app/MyRestorationLearning";
				FRAMEWORK_SEARCH_PATHS = (
					"$(SDKROOT)/Developer/Library/Frameworks",
					"$(inherited)",
					"$(DEVELOPER_FRAMEWORKS_DIR)",
				);
				GCC_PRECOMPILE_PREFIX_HEADER = YES;
				GCC_PREFIX_HEADER = "MyRestorationLearning/MyRestorationLearning-Prefix.pch";
				INFOPLIST_FILE = "MyRestorationLearningTests/MyRestorationLearningTests-Info.plist";
				PRODUCT_NAME = "$(TARGET_NAME)";
				TEST_HOST = "$(BUNDLE_LOADER)";
				WRAPPER_EXTENSION = xctest;
			};
			name = Release;
		};
/* End XCBuildConfiguration section */

/* Begin XCConfigurationList section */
		D343B40219CAC4BD00D8DA96 /* Build configuration list for PBXProject "MyRestorationLearning" */ = {
			isa = XCConfigurationList;
			buildConfigurations = (
				D343B43719CAC4BD00D8DA96 /* Debug */,
				D343B43819CAC4BD00D8DA96 /* Release */,
			);
			defaultConfigurationIsVisible = 0;
			defaultConfigurationName = Release;
		};
		D343B43919CAC4BD00D8DA96 /* Build configuration list for PBXNativeTarget "MyRestorationLearning" */ = {
			isa = XCConfigurationList;
			buildConfigurations = (
				D343B43A19CAC4BD00D8DA96 /* Debug */,
				D343B43B19CAC4BD00D8DA96 /* Release */,
			);
			defaultConfigurationIsVisible = 0;
		};
		D343B43C19CAC4BD00D8DA96 /* Build configuration list for PBXNativeTarget "MyRestorationLearningTests" */ = {
			isa = XCConfigurationList;
			buildConfigurations = (
				D343B43D19CAC4BD00D8DA96 /* Debug */,
				D343B43E19CAC4BD00D8DA96 /* Release */,
			);
			defaultConfigurationIsVisible = 0;
		};
/* End XCConfigurationList section */
	};
	rootObject = D343B3FF19CAC4BD00D8DA96 /* Project object */;
}
